
Microsoft Visual Studio Solution File, Format Version 12.00
# Visual Studio Version 17
VisualStudioVersion = 17.5.33516.290
MinimumVisualStudioVersion = 10.0.40219.1
Project("{FAE04EC0-301F-11D3-BF4B-00C04F79EFBC}") = "MayersAlgorithm", "MayersAlgorithm.csproj", "{C9CC1BAD-CD2E-472B-8E9B-F3CEA7617091}"
EndProject
Global
	GlobalSection(SolutionConfigurationPlatforms) = preSolution
		Debug|Any CPU = Debug|Any CPU
		Release|Any CPU = Release|Any CPU
	EndGlobalSection
	GlobalSection(ProjectConfigurationPlatforms) = postSolution
		{C9CC1BAD-CD2E-472B-8E9B-F3CEA7617091}.Debug|Any CPU.ActiveCfg = Debug|Any CPU
		{C9CC1BAD-CD2E-472B-8E9B-F3CEA7617091}.Debug|Any CPU.Build.0 = Debug|Any CPU
		{C9CC1BAD-CD2E-472B-8E9B-F3CEA7617091}.Release|Any CPU.ActiveCfg = Release|Any CPU
		{C9CC1BAD-CD2E-472B-8E9B-F3CEA7617091}.Release|Any CPU.Build.0 = Release|Any CPU
	EndGlobalSection
	GlobalSection(SolutionProperties) = preSolution
		HideSolutionNode = FALSE
	EndGlobalSection
	GlobalSection(ExtensibilityGlobals) = postSolution
		SolutionGuid = {199A0BCC-660F-4BE8-BAD2-C7CF12B3830F}
	EndGlobalSection
EndGlobal
